{
  "name": "@tim/job-node",
  "version": "1.0.0",
  "lockfileVersion": 3,
  "requires": true,
  "packages": {
    "": {
      "name": "@tim/job-node",
      "version": "1.0.0",
      "license": "ISC",
      "dependencies": {
        "cron": "^3.1.6"
      },
      "devDependencies": {
        "typescript": "^5.3.3"
      }
    },
    "node_modules/@types/luxon": {
      "version": "3.3.8",
      "resolved": "https://registry.npmjs.org/@types/luxon/-/luxon-3.3.8.tgz",
      "integrity": "sha512-jYvz8UMLDgy3a5SkGJne8H7VA7zPV2Lwohjx0V8V31+SqAjNmurWMkk9cQhfvlcnXWudBpK9xPM1n4rljOcHYQ=="
    },
    "node_modules/cron": {
      "version": "3.1.6",
      "resolved": "https://registry.npmjs.org/cron/-/cron-3.1.6.tgz",
      "integrity": "sha512-cvFiQCeVzsA+QPM6fhjBtlKGij7tLLISnTSvFxVdnFGLdz+ZdXN37kNe0i2gefmdD17XuZA6n2uPVwzl4FxW/w==",
      "dependencies": {
        "@types/luxon": "~3.3.0",
        "luxon": "~3.4.0"
      }
    },
    "node_modules/luxon": {
      "version": "3.4.4",
      "resolved": "https://registry.npmjs.org/luxon/-/luxon-3.4.4.tgz",
      "integrity": "sha512-zobTr7akeGHnv7eBOXcRgMeCP6+uyYsczwmeRCauvpvaAltgNyTbLH/+VaEAPUeWBT+1GuNmz4wC/6jtQzbbVA==",
      "engines": {
        "node": ">=12"
      }
    },
    "node_modules/typescript": {
      "version": "5.3.3",
      "resolved": "https://registry.npmjs.org/typescript/-/typescript-5.3.3.tgz",
      "integrity": "sha512-pXWcraxM0uxAS+tN0AG/BF2TyqmHO014Z070UsJ+pFvYuRSq8KH8DmWpnbXe0pEPDHXZV3FcAbJkijJ5oNEnWw==",
      "dev": true,
      "bin": {
        "tsc": "bin/tsc",
        "tsserver": "bin/tsserver"
      },
      "engines": {
        "node": ">=14.17"
      }
    }
  }
}
